
Microsoft Visual Studio Solution File, Format Version 12.00
# Visual Studio Version 16
VisualStudioVersion = 16.0.31410.357
MinimumVisualStudioVersion = 10.0.40219.1
Project("{9A19103F-16F7-4668-BE54-9A1E7A4F7556}") = "SEDC.MovieWorkshop.WebApi", "SEDC.MovieWorkshop.WebApi\SEDC.MovieWorkshop.WebApi.csproj", "{77F50AFC-E0C1-4A1D-A614-7615D5F12F28}"
EndProject
Project("{FAE04EC0-301F-11D3-BF4B-00C04F79EFBC}") = "SEDC.MovieWorkshop.DataAccess", "SEDC.MovieWorkshop.DataAccess\SEDC.MovieWorkshop.DataAccess.csproj", "{5596B07C-9F69-4101-B8BC-3BD8A35DE43B}"
EndProject
Project("{FAE04EC0-301F-11D3-BF4B-00C04F79EFBC}") = "SEDC.MovieWorkshop.DataModels", "SEDC.MovieWorkshop.DataModels\SEDC.MovieWorkshop.DataModels.csproj", "{50A2A41C-5F4D-4E01-9B87-942F14C1C124}"
EndProject
Project("{FAE04EC0-301F-11D3-BF4B-00C04F79EFBC}") = "SEDC.MovieWorkshop.Services", "SEDC.MovieWorkshop.Services\SEDC.MovieWorkshop.Services.csproj", "{EB6080BB-A151-4D05-B964-D7A2827C0A55}"
EndProject
Project("{FAE04EC0-301F-11D3-BF4B-00C04F79EFBC}") = "SEDC.MovieWorkshop.Models", "SEDC.MovieWorkshop.Models\SEDC.MovieWorkshop.Models.csproj", "{56808C5B-18E1-4002-956D-C3E0F0739DC7}"
EndProject
Global
	GlobalSection(SolutionConfigurationPlatforms) = preSolution
		Debug|Any CPU = Debug|Any CPU
		Release|Any CPU = Release|Any CPU
	EndGlobalSection
	GlobalSection(ProjectConfigurationPlatforms) = postSolution
		{77F50AFC-E0C1-4A1D-A614-7615D5F12F28}.Debug|Any CPU.ActiveCfg = Debug|Any CPU
		{77F50AFC-E0C1-4A1D-A614-7615D5F12F28}.Debug|Any CPU.Build.0 = Debug|Any CPU
		{77F50AFC-E0C1-4A1D-A614-7615D5F12F28}.Release|Any CPU.ActiveCfg = Release|Any CPU
		{77F50AFC-E0C1-4A1D-A614-7615D5F12F28}.Release|Any CPU.Build.0 = Release|Any CPU
		{5596B07C-9F69-4101-B8BC-3BD8A35DE43B}.Debug|Any CPU.ActiveCfg = Debug|Any CPU
		{5596B07C-9F69-4101-B8BC-3BD8A35DE43B}.Debug|Any CPU.Build.0 = Debug|Any CPU
		{5596B07C-9F69-4101-B8BC-3BD8A35DE43B}.Release|Any CPU.ActiveCfg = Release|Any CPU
		{5596B07C-9F69-4101-B8BC-3BD8A35DE43B}.Release|Any CPU.Build.0 = Release|Any CPU
		{50A2A41C-5F4D-4E01-9B87-942F14C1C124}.Debug|Any CPU.ActiveCfg = Debug|Any CPU
		{50A2A41C-5F4D-4E01-9B87-942F14C1C124}.Debug|Any CPU.Build.0 = Debug|Any CPU
		{50A2A41C-5F4D-4E01-9B87-942F14C1C124}.Release|Any CPU.ActiveCfg = Release|Any CPU
		{50A2A41C-5F4D-4E01-9B87-942F14C1C124}.Release|Any CPU.Build.0 = Release|Any CPU
		{EB6080BB-A151-4D05-B964-D7A2827C0A55}.Debug|Any CPU.ActiveCfg = Debug|Any CPU
		{EB6080BB-A151-4D05-B964-D7A2827C0A55}.Debug|Any CPU.Build.0 = Debug|Any CPU
		{EB6080BB-A151-4D05-B964-D7A2827C0A55}.Release|Any CPU.ActiveCfg = Release|Any CPU
		{EB6080BB-A151-4D05-B964-D7A2827C0A55}.Release|Any CPU.Build.0 = Release|Any CPU
		{56808C5B-18E1-4002-956D-C3E0F0739DC7}.Debug|Any CPU.ActiveCfg = Debug|Any CPU
		{56808C5B-18E1-4002-956D-C3E0F0739DC7}.Debug|Any CPU.Build.0 = Debug|Any CPU
		{56808C5B-18E1-4002-956D-C3E0F0739DC7}.Release|Any CPU.ActiveCfg = Release|Any CPU
		{56808C5B-18E1-4002-956D-C3E0F0739DC7}.Release|Any CPU.Build.0 = Release|Any CPU
	EndGlobalSection
	GlobalSection(SolutionProperties) = preSolution
		HideSolutionNode = FALSE
	EndGlobalSection
	GlobalSection(ExtensibilityGlobals) = postSolution
		SolutionGuid = {348B98BA-68C0-4F8B-A5D3-B40962704F2A}
	EndGlobalSection
EndGlobal
