
Microsoft Visual Studio Solution File, Format Version 12.00
# Visual Studio Version 16
VisualStudioVersion = 16.0.30413.136
MinimumVisualStudioVersion = 10.0.40219.1
Project("{FAE04EC0-301F-11D3-BF4B-00C04F79EFBC}") = "Notes_Api", "Notes_Api\Notes_Api.csproj", "{3E7B20A6-D8E3-4C8E-8401-72F70AC79D64}"
EndProject
Global
	GlobalSection(SolutionConfigurationPlatforms) = preSolution
		Debug|Any CPU = Debug|Any CPU
		Release|Any CPU = Release|Any CPU
	EndGlobalSection
	GlobalSection(ProjectConfigurationPlatforms) = postSolution
		{3E7B20A6-D8E3-4C8E-8401-72F70AC79D64}.Debug|Any CPU.ActiveCfg = Debug|Any CPU
		{3E7B20A6-D8E3-4C8E-8401-72F70AC79D64}.Debug|Any CPU.Build.0 = Debug|Any CPU
		{3E7B20A6-D8E3-4C8E-8401-72F70AC79D64}.Release|Any CPU.ActiveCfg = Release|Any CPU
		{3E7B20A6-D8E3-4C8E-8401-72F70AC79D64}.Release|Any CPU.Build.0 = Release|Any CPU
	EndGlobalSection
	GlobalSection(SolutionProperties) = preSolution
		HideSolutionNode = FALSE
	EndGlobalSection
	GlobalSection(ExtensibilityGlobals) = postSolution
		SolutionGuid = {13B762B0-A562-4270-9289-718D1B95B457}
	EndGlobalSection
EndGlobal
