
Microsoft Visual Studio Solution File, Format Version 12.00
# Visual Studio Version 16
VisualStudioVersion = 16.0.31313.79
MinimumVisualStudioVersion = 10.0.40219.1
Project("{FAE04EC0-301F-11D3-BF4B-00C04F79EFBC}") = "ExampleWebApiApp", "ExampleWebApiApp\ExampleWebApiApp.csproj", "{1AFB6F9A-D0A7-41AB-8A97-DD67401CE54C}"
EndProject
Global
	GlobalSection(SolutionConfigurationPlatforms) = preSolution
		Debug|Any CPU = Debug|Any CPU
		Release|Any CPU = Release|Any CPU
	EndGlobalSection
	GlobalSection(ProjectConfigurationPlatforms) = postSolution
		{1AFB6F9A-D0A7-41AB-8A97-DD67401CE54C}.Debug|Any CPU.ActiveCfg = Debug|Any CPU
		{1AFB6F9A-D0A7-41AB-8A97-DD67401CE54C}.Debug|Any CPU.Build.0 = Debug|Any CPU
		{1AFB6F9A-D0A7-41AB-8A97-DD67401CE54C}.Release|Any CPU.ActiveCfg = Release|Any CPU
		{1AFB6F9A-D0A7-41AB-8A97-DD67401CE54C}.Release|Any CPU.Build.0 = Release|Any CPU
	EndGlobalSection
	GlobalSection(SolutionProperties) = preSolution
		HideSolutionNode = FALSE
	EndGlobalSection
	GlobalSection(ExtensibilityGlobals) = postSolution
		SolutionGuid = {97514797-C3B5-46BA-B1D7-01DDE0220391}
	EndGlobalSection
EndGlobal
