
Microsoft Visual Studio Solution File, Format Version 12.00
# Visual Studio Version 16
VisualStudioVersion = 16.0.30413.136
MinimumVisualStudioVersion = 10.0.40219.1
Project("{9A19103F-16F7-4668-BE54-9A1E7A4F7556}") = "SEDC.NotesApp", "SEDC.NotesApp\SEDC.NotesApp.csproj", "{1FEAE1F0-17F5-403E-87A7-C770E37914EB}"
EndProject
Project("{FAE04EC0-301F-11D3-BF4B-00C04F79EFBC}") = "SEDC.NotesApp.Domain", "SEDC.NotesApp.Domain\SEDC.NotesApp.Domain.csproj", "{52E9532F-29A2-4638-B6FB-911D0A0CD695}"
EndProject
Project("{FAE04EC0-301F-11D3-BF4B-00C04F79EFBC}") = "SEDC.NotesApp.DataAccess", "SEDC.NotesApp.DataAccess\SEDC.NotesApp.DataAccess.csproj", "{BEADF388-0C78-41DE-8A33-0CE8507E3649}"
EndProject
Project("{FAE04EC0-301F-11D3-BF4B-00C04F79EFBC}") = "SEDC.NotesApp.DtoModels", "SEDC.NotesApp.DtoModels\SEDC.NotesApp.DtoModels.csproj", "{38B5B82D-746B-4E76-9931-6FC80A925895}"
EndProject
Project("{FAE04EC0-301F-11D3-BF4B-00C04F79EFBC}") = "SEDC.NotesApp.Services", "SEDC.NotesApp.Services\SEDC.NotesApp.Services.csproj", "{F1EF1FBA-A61C-4A4B-9234-9E6EB00B731C}"
EndProject
Project("{FAE04EC0-301F-11D3-BF4B-00C04F79EFBC}") = "SEDC.NotesApp.Shared", "SEDC.NotesApp.Shared\SEDC.NotesApp.Shared.csproj", "{33163492-47D5-4FD1-90FB-DC3F9A2DFC57}"
EndProject
Global
	GlobalSection(SolutionConfigurationPlatforms) = preSolution
		Debug|Any CPU = Debug|Any CPU
		Release|Any CPU = Release|Any CPU
	EndGlobalSection
	GlobalSection(ProjectConfigurationPlatforms) = postSolution
		{1FEAE1F0-17F5-403E-87A7-C770E37914EB}.Debug|Any CPU.ActiveCfg = Debug|Any CPU
		{1FEAE1F0-17F5-403E-87A7-C770E37914EB}.Debug|Any CPU.Build.0 = Debug|Any CPU
		{1FEAE1F0-17F5-403E-87A7-C770E37914EB}.Release|Any CPU.ActiveCfg = Release|Any CPU
		{1FEAE1F0-17F5-403E-87A7-C770E37914EB}.Release|Any CPU.Build.0 = Release|Any CPU
		{52E9532F-29A2-4638-B6FB-911D0A0CD695}.Debug|Any CPU.ActiveCfg = Debug|Any CPU
		{52E9532F-29A2-4638-B6FB-911D0A0CD695}.Debug|Any CPU.Build.0 = Debug|Any CPU
		{52E9532F-29A2-4638-B6FB-911D0A0CD695}.Release|Any CPU.ActiveCfg = Release|Any CPU
		{52E9532F-29A2-4638-B6FB-911D0A0CD695}.Release|Any CPU.Build.0 = Release|Any CPU
		{BEADF388-0C78-41DE-8A33-0CE8507E3649}.Debug|Any CPU.ActiveCfg = Debug|Any CPU
		{BEADF388-0C78-41DE-8A33-0CE8507E3649}.Debug|Any CPU.Build.0 = Debug|Any CPU
		{BEADF388-0C78-41DE-8A33-0CE8507E3649}.Release|Any CPU.ActiveCfg = Release|Any CPU
		{BEADF388-0C78-41DE-8A33-0CE8507E3649}.Release|Any CPU.Build.0 = Release|Any CPU
		{38B5B82D-746B-4E76-9931-6FC80A925895}.Debug|Any CPU.ActiveCfg = Debug|Any CPU
		{38B5B82D-746B-4E76-9931-6FC80A925895}.Debug|Any CPU.Build.0 = Debug|Any CPU
		{38B5B82D-746B-4E76-9931-6FC80A925895}.Release|Any CPU.ActiveCfg = Release|Any CPU
		{38B5B82D-746B-4E76-9931-6FC80A925895}.Release|Any CPU.Build.0 = Release|Any CPU
		{F1EF1FBA-A61C-4A4B-9234-9E6EB00B731C}.Debug|Any CPU.ActiveCfg = Debug|Any CPU
		{F1EF1FBA-A61C-4A4B-9234-9E6EB00B731C}.Debug|Any CPU.Build.0 = Debug|Any CPU
		{F1EF1FBA-A61C-4A4B-9234-9E6EB00B731C}.Release|Any CPU.ActiveCfg = Release|Any CPU
		{F1EF1FBA-A61C-4A4B-9234-9E6EB00B731C}.Release|Any CPU.Build.0 = Release|Any CPU
		{33163492-47D5-4FD1-90FB-DC3F9A2DFC57}.Debug|Any CPU.ActiveCfg = Debug|Any CPU
		{33163492-47D5-4FD1-90FB-DC3F9A2DFC57}.Debug|Any CPU.Build.0 = Debug|Any CPU
		{33163492-47D5-4FD1-90FB-DC3F9A2DFC57}.Release|Any CPU.ActiveCfg = Release|Any CPU
		{33163492-47D5-4FD1-90FB-DC3F9A2DFC57}.Release|Any CPU.Build.0 = Release|Any CPU
	EndGlobalSection
	GlobalSection(SolutionProperties) = preSolution
		HideSolutionNode = FALSE
	EndGlobalSection
	GlobalSection(ExtensibilityGlobals) = postSolution
		SolutionGuid = {9098A6E9-F5AE-404D-A084-08E71DACD431}
	EndGlobalSection
EndGlobal
