
Microsoft Visual Studio Solution File, Format Version 12.00
# Visual Studio Version 16
VisualStudioVersion = 16.0.31313.79
MinimumVisualStudioVersion = 10.0.40219.1
Project("{FAE04EC0-301F-11D3-BF4B-00C04F79EFBC}") = "PerformanceChecker", "PerformanceChecker\PerformanceChecker.csproj", "{588EB2B7-C045-4D5C-B3B9-0E011533B458}"
EndProject
Global
	GlobalSection(SolutionConfigurationPlatforms) = preSolution
		Debug|Any CPU = Debug|Any CPU
		Release|Any CPU = Release|Any CPU
	EndGlobalSection
	GlobalSection(ProjectConfigurationPlatforms) = postSolution
		{588EB2B7-C045-4D5C-B3B9-0E011533B458}.Debug|Any CPU.ActiveCfg = Debug|Any CPU
		{588EB2B7-C045-4D5C-B3B9-0E011533B458}.Debug|Any CPU.Build.0 = Debug|Any CPU
		{588EB2B7-C045-4D5C-B3B9-0E011533B458}.Release|Any CPU.ActiveCfg = Release|Any CPU
		{588EB2B7-C045-4D5C-B3B9-0E011533B458}.Release|Any CPU.Build.0 = Release|Any CPU
	EndGlobalSection
	GlobalSection(SolutionProperties) = preSolution
		HideSolutionNode = FALSE
	EndGlobalSection
	GlobalSection(ExtensibilityGlobals) = postSolution
		SolutionGuid = {FD4A0F02-31D2-45AA-A479-C8200C6A7964}
	EndGlobalSection
EndGlobal
