
Microsoft Visual Studio Solution File, Format Version 12.00
# Visual Studio Version 16
VisualStudioVersion = 16.0.31613.86
MinimumVisualStudioVersion = 10.0.40219.1
Project("{FAE04EC0-301F-11D3-BF4B-00C04F79EFBC}") = "SEDC.NotesApp.Scaffolded", "SEDC.NotesApp.Scaffolded.csproj", "{D97092A3-DCA0-4B56-9A70-7E7050F5C35F}"
EndProject
Project("{FAE04EC0-301F-11D3-BF4B-00C04F79EFBC}") = "SEDC.NotesApp.DataAccess", "..\SEDC.NotesApp.DataAccess\SEDC.NotesApp.DataAccess.csproj", "{56C172F1-CE9E-4987-B081-A71FE5183BA2}"
EndProject
Project("{FAE04EC0-301F-11D3-BF4B-00C04F79EFBC}") = "SEDC.NotesApp.Domain", "..\SEDC.NotesApp.Domain\SEDC.NotesApp.Domain.csproj", "{865EDF96-BD13-445C-8C3B-BE0AB3B7A88A}"
EndProject
Project("{FAE04EC0-301F-11D3-BF4B-00C04F79EFBC}") = "SEDC.NotesApp.Helpers", "..\SEDC.NotesApp.Helpers\SEDC.NotesApp.Helpers.csproj", "{91965A61-87ED-46C8-92B3-84F7CD3D02A3}"
EndProject
Global
	GlobalSection(SolutionConfigurationPlatforms) = preSolution
		Debug|Any CPU = Debug|Any CPU
		Release|Any CPU = Release|Any CPU
	EndGlobalSection
	GlobalSection(ProjectConfigurationPlatforms) = postSolution
		{D97092A3-DCA0-4B56-9A70-7E7050F5C35F}.Debug|Any CPU.ActiveCfg = Debug|Any CPU
		{D97092A3-DCA0-4B56-9A70-7E7050F5C35F}.Debug|Any CPU.Build.0 = Debug|Any CPU
		{D97092A3-DCA0-4B56-9A70-7E7050F5C35F}.Release|Any CPU.ActiveCfg = Release|Any CPU
		{D97092A3-DCA0-4B56-9A70-7E7050F5C35F}.Release|Any CPU.Build.0 = Release|Any CPU
		{56C172F1-CE9E-4987-B081-A71FE5183BA2}.Debug|Any CPU.ActiveCfg = Debug|Any CPU
		{56C172F1-CE9E-4987-B081-A71FE5183BA2}.Debug|Any CPU.Build.0 = Debug|Any CPU
		{56C172F1-CE9E-4987-B081-A71FE5183BA2}.Release|Any CPU.ActiveCfg = Release|Any CPU
		{56C172F1-CE9E-4987-B081-A71FE5183BA2}.Release|Any CPU.Build.0 = Release|Any CPU
		{865EDF96-BD13-445C-8C3B-BE0AB3B7A88A}.Debug|Any CPU.ActiveCfg = Debug|Any CPU
		{865EDF96-BD13-445C-8C3B-BE0AB3B7A88A}.Debug|Any CPU.Build.0 = Debug|Any CPU
		{865EDF96-BD13-445C-8C3B-BE0AB3B7A88A}.Release|Any CPU.ActiveCfg = Release|Any CPU
		{865EDF96-BD13-445C-8C3B-BE0AB3B7A88A}.Release|Any CPU.Build.0 = Release|Any CPU
		{91965A61-87ED-46C8-92B3-84F7CD3D02A3}.Debug|Any CPU.ActiveCfg = Debug|Any CPU
		{91965A61-87ED-46C8-92B3-84F7CD3D02A3}.Debug|Any CPU.Build.0 = Debug|Any CPU
		{91965A61-87ED-46C8-92B3-84F7CD3D02A3}.Release|Any CPU.ActiveCfg = Release|Any CPU
		{91965A61-87ED-46C8-92B3-84F7CD3D02A3}.Release|Any CPU.Build.0 = Release|Any CPU
	EndGlobalSection
	GlobalSection(SolutionProperties) = preSolution
		HideSolutionNode = FALSE
	EndGlobalSection
	GlobalSection(ExtensibilityGlobals) = postSolution
		SolutionGuid = {A4B7DB3C-AA44-44F1-AE18-E7ECA4DB7205}
	EndGlobalSection
EndGlobal
