
Microsoft Visual Studio Solution File, Format Version 12.00
# Visual Studio Version 16
VisualStudioVersion = 16.0.31424.327
MinimumVisualStudioVersion = 10.0.40219.1
Project("{FAE04EC0-301F-11D3-BF4B-00C04F79EFBC}") = "SEDC.Notes", "SEDC.Notes\SEDC.Notes.csproj", "{4C2EF293-E9B2-4D7D-8412-DAE493624E94}"
EndProject
Global
	GlobalSection(SolutionConfigurationPlatforms) = preSolution
		Debug|Any CPU = Debug|Any CPU
		Release|Any CPU = Release|Any CPU
	EndGlobalSection
	GlobalSection(ProjectConfigurationPlatforms) = postSolution
		{4C2EF293-E9B2-4D7D-8412-DAE493624E94}.Debug|Any CPU.ActiveCfg = Debug|Any CPU
		{4C2EF293-E9B2-4D7D-8412-DAE493624E94}.Debug|Any CPU.Build.0 = Debug|Any CPU
		{4C2EF293-E9B2-4D7D-8412-DAE493624E94}.Release|Any CPU.ActiveCfg = Release|Any CPU
		{4C2EF293-E9B2-4D7D-8412-DAE493624E94}.Release|Any CPU.Build.0 = Release|Any CPU
	EndGlobalSection
	GlobalSection(SolutionProperties) = preSolution
		HideSolutionNode = FALSE
	EndGlobalSection
	GlobalSection(ExtensibilityGlobals) = postSolution
		SolutionGuid = {C5A2CBB8-559E-4871-BE8A-F429B9EE274D}
	EndGlobalSection
EndGlobal
