
Microsoft Visual Studio Solution File, Format Version 12.00
# Visual Studio Version 16
VisualStudioVersion = 16.0.31624.102
MinimumVisualStudioVersion = 10.0.40219.1
Project("{FAE04EC0-301F-11D3-BF4B-00C04F79EFBC}") = "WebApplication3", "WebApplication3\WebApplication3.csproj", "{FF310F64-AF69-4097-90C0-3948F7758B67}"
EndProject
Global
	GlobalSection(SolutionConfigurationPlatforms) = preSolution
		Debug|Any CPU = Debug|Any CPU
		Release|Any CPU = Release|Any CPU
	EndGlobalSection
	GlobalSection(ProjectConfigurationPlatforms) = postSolution
		{FF310F64-AF69-4097-90C0-3948F7758B67}.Debug|Any CPU.ActiveCfg = Debug|Any CPU
		{FF310F64-AF69-4097-90C0-3948F7758B67}.Debug|Any CPU.Build.0 = Debug|Any CPU
		{FF310F64-AF69-4097-90C0-3948F7758B67}.Release|Any CPU.ActiveCfg = Release|Any CPU
		{FF310F64-AF69-4097-90C0-3948F7758B67}.Release|Any CPU.Build.0 = Release|Any CPU
	EndGlobalSection
	GlobalSection(SolutionProperties) = preSolution
		HideSolutionNode = FALSE
	EndGlobalSection
	GlobalSection(ExtensibilityGlobals) = postSolution
		SolutionGuid = {89DF07EC-55EF-4190-9755-FC922031040A}
	EndGlobalSection
EndGlobal
