
Microsoft Visual Studio Solution File, Format Version 12.00
# Visual Studio Version 16
VisualStudioVersion = 16.0.31515.178
MinimumVisualStudioVersion = 10.0.40219.1
Project("{9A19103F-16F7-4668-BE54-9A1E7A4F7556}") = "SEDC.NotesApp.Api", "Notes\SEDC.NotesApp.Api.csproj", "{BD33505B-050A-4913-9F42-2374EA1784E5}"
EndProject
Project("{9A19103F-16F7-4668-BE54-9A1E7A4F7556}") = "SEDC.NotesApp.DataAccess", "SEDC.NotesApp.DataAccess\SEDC.NotesApp.DataAccess.csproj", "{EE5E96E5-67BA-4ED9-BD82-576E75B1D54A}"
EndProject
Project("{9A19103F-16F7-4668-BE54-9A1E7A4F7556}") = "SEDC.NotesApp.Services", "SEDC.NotesApp.Services\SEDC.NotesApp.Services.csproj", "{92AAF59B-7E0E-4057-8C68-64CD0AA627AF}"
EndProject
Project("{9A19103F-16F7-4668-BE54-9A1E7A4F7556}") = "SEDC.NotesApp.DataModels", "SEDC.NotesApp.DataModels\SEDC.NotesApp.DataModels.csproj", "{7A9C72FE-F329-47C4-B048-47978FDCDD59}"
EndProject
Project("{9A19103F-16F7-4668-BE54-9A1E7A4F7556}") = "SEDC.NotesApp.Models", "SEDC.NotesApp.Models\SEDC.NotesApp.Models.csproj", "{45EFA0FD-690C-41ED-ABC4-07C997F9E59C}"
EndProject
Project("{9A19103F-16F7-4668-BE54-9A1E7A4F7556}") = "SEDC.NotesApp.Tests", "SEDC.NotesApp.Tests\SEDC.NotesApp.Tests.csproj", "{1738D164-FD8C-4EA0-A413-8FD8822E0838}"
EndProject
Project("{FAE04EC0-301F-11D3-BF4B-00C04F79EFBC}") = "SEDC.Notes.PerformanceChecker", "SEDC.Notes.PerformanceChecker\SEDC.Notes.PerformanceChecker.csproj", "{A26575DE-5AB3-4BEB-A2AB-2E70D53F241D}"
EndProject
Global
	GlobalSection(SolutionConfigurationPlatforms) = preSolution
		Debug|Any CPU = Debug|Any CPU
		Release|Any CPU = Release|Any CPU
	EndGlobalSection
	GlobalSection(ProjectConfigurationPlatforms) = postSolution
		{BD33505B-050A-4913-9F42-2374EA1784E5}.Debug|Any CPU.ActiveCfg = Debug|Any CPU
		{BD33505B-050A-4913-9F42-2374EA1784E5}.Debug|Any CPU.Build.0 = Debug|Any CPU
		{BD33505B-050A-4913-9F42-2374EA1784E5}.Release|Any CPU.ActiveCfg = Release|Any CPU
		{BD33505B-050A-4913-9F42-2374EA1784E5}.Release|Any CPU.Build.0 = Release|Any CPU
		{EE5E96E5-67BA-4ED9-BD82-576E75B1D54A}.Debug|Any CPU.ActiveCfg = Debug|Any CPU
		{EE5E96E5-67BA-4ED9-BD82-576E75B1D54A}.Debug|Any CPU.Build.0 = Debug|Any CPU
		{EE5E96E5-67BA-4ED9-BD82-576E75B1D54A}.Release|Any CPU.ActiveCfg = Release|Any CPU
		{EE5E96E5-67BA-4ED9-BD82-576E75B1D54A}.Release|Any CPU.Build.0 = Release|Any CPU
		{92AAF59B-7E0E-4057-8C68-64CD0AA627AF}.Debug|Any CPU.ActiveCfg = Debug|Any CPU
		{92AAF59B-7E0E-4057-8C68-64CD0AA627AF}.Debug|Any CPU.Build.0 = Debug|Any CPU
		{92AAF59B-7E0E-4057-8C68-64CD0AA627AF}.Release|Any CPU.ActiveCfg = Release|Any CPU
		{92AAF59B-7E0E-4057-8C68-64CD0AA627AF}.Release|Any CPU.Build.0 = Release|Any CPU
		{7A9C72FE-F329-47C4-B048-47978FDCDD59}.Debug|Any CPU.ActiveCfg = Debug|Any CPU
		{7A9C72FE-F329-47C4-B048-47978FDCDD59}.Debug|Any CPU.Build.0 = Debug|Any CPU
		{7A9C72FE-F329-47C4-B048-47978FDCDD59}.Release|Any CPU.ActiveCfg = Release|Any CPU
		{7A9C72FE-F329-47C4-B048-47978FDCDD59}.Release|Any CPU.Build.0 = Release|Any CPU
		{45EFA0FD-690C-41ED-ABC4-07C997F9E59C}.Debug|Any CPU.ActiveCfg = Debug|Any CPU
		{45EFA0FD-690C-41ED-ABC4-07C997F9E59C}.Debug|Any CPU.Build.0 = Debug|Any CPU
		{45EFA0FD-690C-41ED-ABC4-07C997F9E59C}.Release|Any CPU.ActiveCfg = Release|Any CPU
		{45EFA0FD-690C-41ED-ABC4-07C997F9E59C}.Release|Any CPU.Build.0 = Release|Any CPU
		{1738D164-FD8C-4EA0-A413-8FD8822E0838}.Debug|Any CPU.ActiveCfg = Debug|Any CPU
		{1738D164-FD8C-4EA0-A413-8FD8822E0838}.Debug|Any CPU.Build.0 = Debug|Any CPU
		{1738D164-FD8C-4EA0-A413-8FD8822E0838}.Release|Any CPU.ActiveCfg = Release|Any CPU
		{1738D164-FD8C-4EA0-A413-8FD8822E0838}.Release|Any CPU.Build.0 = Release|Any CPU
		{A26575DE-5AB3-4BEB-A2AB-2E70D53F241D}.Debug|Any CPU.ActiveCfg = Debug|Any CPU
		{A26575DE-5AB3-4BEB-A2AB-2E70D53F241D}.Debug|Any CPU.Build.0 = Debug|Any CPU
		{A26575DE-5AB3-4BEB-A2AB-2E70D53F241D}.Release|Any CPU.ActiveCfg = Release|Any CPU
		{A26575DE-5AB3-4BEB-A2AB-2E70D53F241D}.Release|Any CPU.Build.0 = Release|Any CPU
	EndGlobalSection
	GlobalSection(SolutionProperties) = preSolution
		HideSolutionNode = FALSE
	EndGlobalSection
	GlobalSection(ExtensibilityGlobals) = postSolution
		SolutionGuid = {2C15BB03-D400-4DED-A23A-BDD6516BB6C2}
	EndGlobalSection
EndGlobal
